
Microsoft Visual Studio Solution File, Format Version 12.00
# Visual Studio 15
VisualStudioVersion = 15.0.27428.2043
MinimumVisualStudioVersion = 10.0.40219.1
Project("{FAE04EC0-301F-11D3-BF4B-00C04F79EFBC}") = "BoA.Solutions.Weather.Web.Api", "BoA.Solutions.Weather.Web.Api\BoA.Solutions.Weather.Web.Api.csproj", "{C956E8D0-1B09-420B-A080-C2A624C50F7F}"
EndProject
Global
	GlobalSection(SolutionConfigurationPlatforms) = preSolution
		Debug|Any CPU = Debug|Any CPU
		Release|Any CPU = Release|Any CPU
	EndGlobalSection
	GlobalSection(ProjectConfigurationPlatforms) = postSolution
		{C956E8D0-1B09-420B-A080-C2A624C50F7F}.Debug|Any CPU.ActiveCfg = Debug|Any CPU
		{C956E8D0-1B09-420B-A080-C2A624C50F7F}.Debug|Any CPU.Build.0 = Debug|Any CPU
		{C956E8D0-1B09-420B-A080-C2A624C50F7F}.Release|Any CPU.ActiveCfg = Release|Any CPU
		{C956E8D0-1B09-420B-A080-C2A624C50F7F}.Release|Any CPU.Build.0 = Release|Any CPU
	EndGlobalSection
	GlobalSection(SolutionProperties) = preSolution
		HideSolutionNode = FALSE
	EndGlobalSection
	GlobalSection(ExtensibilityGlobals) = postSolution
		SolutionGuid = {B648FC8C-A349-4653-A4FD-4EA7D5476FDB}
	EndGlobalSection
EndGlobal
